
Microsoft Visual Studio Solution File, Format Version 12.00
# Visual Studio Version 16
VisualStudioVersion = 16.0.32602.291
MinimumVisualStudioVersion = 10.0.40219.1
Project("{FAE04EC0-301F-11D3-BF4B-00C04F79EFBC}") = "BTL_News_Website", "BTL_News_Website.csproj", "{E6932393-E675-4DCA-8CE6-DF747126CA0A}"
EndProject
Global
	GlobalSection(SolutionConfigurationPlatforms) = preSolution
		Debug|Any CPU = Debug|Any CPU
		Release|Any CPU = Release|Any CPU
	EndGlobalSection
	GlobalSection(ProjectConfigurationPlatforms) = postSolution
		{E6932393-E675-4DCA-8CE6-DF747126CA0A}.Debug|Any CPU.ActiveCfg = Debug|Any CPU
		{E6932393-E675-4DCA-8CE6-DF747126CA0A}.Debug|Any CPU.Build.0 = Debug|Any CPU
		{E6932393-E675-4DCA-8CE6-DF747126CA0A}.Release|Any CPU.ActiveCfg = Release|Any CPU
		{E6932393-E675-4DCA-8CE6-DF747126CA0A}.Release|Any CPU.Build.0 = Release|Any CPU
	EndGlobalSection
	GlobalSection(SolutionProperties) = preSolution
		HideSolutionNode = FALSE
	EndGlobalSection
	GlobalSection(ExtensibilityGlobals) = postSolution
		SolutionGuid = {AF1DA358-22E3-4B52-813E-03044BF3B33A}
	EndGlobalSection
EndGlobal
